
Microsoft Visual Studio Solution File, Format Version 12.00
# Visual Studio Version 16
VisualStudioVersion = 16.0.31624.102
MinimumVisualStudioVersion = 10.0.40219.1
Project("{8BC9CEB8-8B4A-11D0-8D11-00A0C91BC942}") = "Bao cao lan 1 - convert number", "Bao cao lan 1 - convert number\Bao cao lan 1 - convert number.vcxproj", "{6D428EEA-C41B-4A34-B619-DB774426E449}"
EndProject
Global
	GlobalSection(SolutionConfigurationPlatforms) = preSolution
		Debug|x64 = Debug|x64
		Debug|x86 = Debug|x86
		Release|x64 = Release|x64
		Release|x86 = Release|x86
	EndGlobalSection
	GlobalSection(ProjectConfigurationPlatforms) = postSolution
		{6D428EEA-C41B-4A34-B619-DB774426E449}.Debug|x64.ActiveCfg = Debug|x64
		{6D428EEA-C41B-4A34-B619-DB774426E449}.Debug|x64.Build.0 = Debug|x64
		{6D428EEA-C41B-4A34-B619-DB774426E449}.Debug|x86.ActiveCfg = Debug|Win32
		{6D428EEA-C41B-4A34-B619-DB774426E449}.Debug|x86.Build.0 = Debug|Win32
		{6D428EEA-C41B-4A34-B619-DB774426E449}.Release|x64.ActiveCfg = Release|x64
		{6D428EEA-C41B-4A34-B619-DB774426E449}.Release|x64.Build.0 = Release|x64
		{6D428EEA-C41B-4A34-B619-DB774426E449}.Release|x86.ActiveCfg = Release|Win32
		{6D428EEA-C41B-4A34-B619-DB774426E449}.Release|x86.Build.0 = Release|Win32
	EndGlobalSection
	GlobalSection(SolutionProperties) = preSolution
		HideSolutionNode = FALSE
	EndGlobalSection
	GlobalSection(ExtensibilityGlobals) = postSolution
		SolutionGuid = {9F6EF4B8-2810-4C72-B42F-71D6E07E0A75}
	EndGlobalSection
EndGlobal
